
Microsoft Visual Studio Solution File, Format Version 12.00
# Visual Studio 15
VisualStudioVersion = 15.0.28010.2026
MinimumVisualStudioVersion = 10.0.40219.1
Project("{159641D6-6404-4A2A-AE62-294DE0FE8301}") = "SSISDemo3DataFlowScripting", "SSISDemo3DataFlowScripting\SSISDemo3DataFlowScripting.dtproj", "{4C1D0EAC-3F72-4156-9263-18FE27698867}"
EndProject
Global
	GlobalSection(SolutionConfigurationPlatforms) = preSolution
		Development|Default = Development|Default
	EndGlobalSection
	GlobalSection(ProjectConfigurationPlatforms) = postSolution
		{4C1D0EAC-3F72-4156-9263-18FE27698867}.Development|Default.ActiveCfg = Development
		{4C1D0EAC-3F72-4156-9263-18FE27698867}.Development|Default.Build.0 = Development
	EndGlobalSection
	GlobalSection(SolutionProperties) = preSolution
		HideSolutionNode = FALSE
	EndGlobalSection
	GlobalSection(ExtensibilityGlobals) = postSolution
		SolutionGuid = {AFB55CB1-E0A1-4FC3-A9D5-E3DF763D0742}
	EndGlobalSection
EndGlobal
