
Microsoft Visual Studio Solution File, Format Version 12.00
# Visual Studio 15
VisualStudioVersion = 15.0.28010.2026
MinimumVisualStudioVersion = 10.0.40219.1
Project("{159641D6-6404-4A2A-AE62-294DE0FE8301}") = "SSISDemo2", "SSISDemo2\SSISDemo2.dtproj", "{31964712-2A70-4941-A3A4-9C0C05104239}"
EndProject
Global
	GlobalSection(SolutionConfigurationPlatforms) = preSolution
		Development|Default = Development|Default
	EndGlobalSection
	GlobalSection(ProjectConfigurationPlatforms) = postSolution
		{31964712-2A70-4941-A3A4-9C0C05104239}.Development|Default.ActiveCfg = Development
		{31964712-2A70-4941-A3A4-9C0C05104239}.Development|Default.Build.0 = Development
	EndGlobalSection
	GlobalSection(SolutionProperties) = preSolution
		HideSolutionNode = FALSE
	EndGlobalSection
	GlobalSection(ExtensibilityGlobals) = postSolution
		SolutionGuid = {B77D10A0-7391-4D5A-B2EF-BA2E5449EBD5}
	EndGlobalSection
EndGlobal
